
Microsoft Visual Studio Solution File, Format Version 12.00
# Visual Studio Version 17
VisualStudioVersion = 17.0.32014.148
MinimumVisualStudioVersion = 10.0.40219.1
Project("{9A19103F-16F7-4668-BE54-9A1E7A4F7556}") = "Tests.Microsoft.Security.Utilities", "Tests.Microsoft.Security.Utilities\Tests.Microsoft.Security.Utilities.csproj", "{972A2EAB-3601-4F2C-8A4E-85FB383FBFB5}"
EndProject
Project("{9A19103F-16F7-4668-BE54-9A1E7A4F7556}") = "Microsoft.Security.Utilities", "Microsoft.Security.Utilities\Microsoft.Security.Utilities.csproj", "{9F466A4A-4D9E-401B-ACBD-22AAA402E335}"
EndProject
Project("{2150E333-8FDC-42A3-9474-1A3956D46DE8}") = "Solution Items", "Solution Items", "{D0E95576-A9A6-432D-A3D8-1BFE8347AD1B}"
	ProjectSection(SolutionItems) = preProject
		.editorconfig = .editorconfig
		..\azure-pipelines.yml = ..\azure-pipelines.yml
		Directory.Build.props = Directory.Build.props
		..\version.json = ..\version.json
	EndProjectSection
EndProject
Project("{2150E333-8FDC-42A3-9474-1A3956D46DE8}") = ".github", ".github", "{3EDEF9F5-A630-4F77-8D85-881AC5AA3FD9}"
	ProjectSection(SolutionItems) = preProject
		..\.github\CODEOWNERS = ..\.github\CODEOWNERS
	EndProjectSection
EndProject
Project("{2150E333-8FDC-42A3-9474-1A3956D46DE8}") = "workflows", "workflows", "{9E550F5A-FA6C-4D19-B137-9AFA79E1F317}"
	ProjectSection(SolutionItems) = preProject
		..\.github\workflows\dotnet-format.yml = ..\.github\workflows\dotnet-format.yml
	EndProjectSection
EndProject
Global
	GlobalSection(SolutionConfigurationPlatforms) = preSolution
		Debug|Any CPU = Debug|Any CPU
		Release|Any CPU = Release|Any CPU
	EndGlobalSection
	GlobalSection(ProjectConfigurationPlatforms) = postSolution
		{972A2EAB-3601-4F2C-8A4E-85FB383FBFB5}.Debug|Any CPU.ActiveCfg = Debug|Any CPU
		{972A2EAB-3601-4F2C-8A4E-85FB383FBFB5}.Debug|Any CPU.Build.0 = Debug|Any CPU
		{972A2EAB-3601-4F2C-8A4E-85FB383FBFB5}.Release|Any CPU.ActiveCfg = Release|Any CPU
		{972A2EAB-3601-4F2C-8A4E-85FB383FBFB5}.Release|Any CPU.Build.0 = Release|Any CPU
		{9F466A4A-4D9E-401B-ACBD-22AAA402E335}.Debug|Any CPU.ActiveCfg = Debug|Any CPU
		{9F466A4A-4D9E-401B-ACBD-22AAA402E335}.Debug|Any CPU.Build.0 = Debug|Any CPU
		{9F466A4A-4D9E-401B-ACBD-22AAA402E335}.Release|Any CPU.ActiveCfg = Release|Any CPU
		{9F466A4A-4D9E-401B-ACBD-22AAA402E335}.Release|Any CPU.Build.0 = Release|Any CPU
	EndGlobalSection
	GlobalSection(SolutionProperties) = preSolution
		HideSolutionNode = FALSE
	EndGlobalSection
	GlobalSection(NestedProjects) = preSolution
		{9E550F5A-FA6C-4D19-B137-9AFA79E1F317} = {3EDEF9F5-A630-4F77-8D85-881AC5AA3FD9}
	EndGlobalSection
	GlobalSection(ExtensibilityGlobals) = postSolution
		SolutionGuid = {D8D7F9B0-FE23-40F4-BE08-ADC905B00DA3}
	EndGlobalSection
EndGlobal
